
Microsoft Visual Studio Solution File, Format Version 12.00
# Visual Studio Version 17
VisualStudioVersion = 17.2.32526.322
MinimumVisualStudioVersion = 10.0.40219.1
Project("{9A19103F-16F7-4668-BE54-9A1E7A4F7556}") = "NLayer.Core", "NLayer.Core\NLayer.Core.csproj", "{C8266899-E815-4849-8782-7BA02A7848D6}"
EndProject
Project("{9A19103F-16F7-4668-BE54-9A1E7A4F7556}") = "NLayer.Repository", "NLayer.Repository\NLayer.Repository.csproj", "{F4BD567F-B78D-4886-A0C1-7B04949467D4}"
EndProject
Project("{9A19103F-16F7-4668-BE54-9A1E7A4F7556}") = "NLayer.Service", "NLayer.Service\NLayer.Service.csproj", "{E33BFD88-10BE-458F-A5B3-9561C48F6609}"
EndProject
Project("{9A19103F-16F7-4668-BE54-9A1E7A4F7556}") = "NLayer.API", "NLayer.API\NLayer.API.csproj", "{A665B073-A34C-4EDA-ACC9-51C38D3B61D8}"
EndProject
Project("{9A19103F-16F7-4668-BE54-9A1E7A4F7556}") = "NLayer.Web", "NLayer.Web\NLayer.Web.csproj", "{E23D1AF0-09DF-4379-9B67-887C1AB58226}"
EndProject
Project("{9A19103F-16F7-4668-BE54-9A1E7A4F7556}") = "NLayer.Caching", "NLayer.Caching\NLayer.Caching.csproj", "{87332E11-C89D-4626-8E0D-7A45C92ABB7A}"
EndProject
Global
	GlobalSection(SolutionConfigurationPlatforms) = preSolution
		Debug|Any CPU = Debug|Any CPU
		Release|Any CPU = Release|Any CPU
	EndGlobalSection
	GlobalSection(ProjectConfigurationPlatforms) = postSolution
		{C8266899-E815-4849-8782-7BA02A7848D6}.Debug|Any CPU.ActiveCfg = Debug|Any CPU
		{C8266899-E815-4849-8782-7BA02A7848D6}.Debug|Any CPU.Build.0 = Debug|Any CPU
		{C8266899-E815-4849-8782-7BA02A7848D6}.Release|Any CPU.ActiveCfg = Release|Any CPU
		{C8266899-E815-4849-8782-7BA02A7848D6}.Release|Any CPU.Build.0 = Release|Any CPU
		{F4BD567F-B78D-4886-A0C1-7B04949467D4}.Debug|Any CPU.ActiveCfg = Debug|Any CPU
		{F4BD567F-B78D-4886-A0C1-7B04949467D4}.Debug|Any CPU.Build.0 = Debug|Any CPU
		{F4BD567F-B78D-4886-A0C1-7B04949467D4}.Release|Any CPU.ActiveCfg = Release|Any CPU
		{F4BD567F-B78D-4886-A0C1-7B04949467D4}.Release|Any CPU.Build.0 = Release|Any CPU
		{E33BFD88-10BE-458F-A5B3-9561C48F6609}.Debug|Any CPU.ActiveCfg = Debug|Any CPU
		{E33BFD88-10BE-458F-A5B3-9561C48F6609}.Debug|Any CPU.Build.0 = Debug|Any CPU
		{E33BFD88-10BE-458F-A5B3-9561C48F6609}.Release|Any CPU.ActiveCfg = Release|Any CPU
		{E33BFD88-10BE-458F-A5B3-9561C48F6609}.Release|Any CPU.Build.0 = Release|Any CPU
		{A665B073-A34C-4EDA-ACC9-51C38D3B61D8}.Debug|Any CPU.ActiveCfg = Debug|Any CPU
		{A665B073-A34C-4EDA-ACC9-51C38D3B61D8}.Debug|Any CPU.Build.0 = Debug|Any CPU
		{A665B073-A34C-4EDA-ACC9-51C38D3B61D8}.Release|Any CPU.ActiveCfg = Release|Any CPU
		{A665B073-A34C-4EDA-ACC9-51C38D3B61D8}.Release|Any CPU.Build.0 = Release|Any CPU
		{E23D1AF0-09DF-4379-9B67-887C1AB58226}.Debug|Any CPU.ActiveCfg = Debug|Any CPU
		{E23D1AF0-09DF-4379-9B67-887C1AB58226}.Debug|Any CPU.Build.0 = Debug|Any CPU
		{E23D1AF0-09DF-4379-9B67-887C1AB58226}.Release|Any CPU.ActiveCfg = Release|Any CPU
		{E23D1AF0-09DF-4379-9B67-887C1AB58226}.Release|Any CPU.Build.0 = Release|Any CPU
		{87332E11-C89D-4626-8E0D-7A45C92ABB7A}.Debug|Any CPU.ActiveCfg = Debug|Any CPU
		{87332E11-C89D-4626-8E0D-7A45C92ABB7A}.Debug|Any CPU.Build.0 = Debug|Any CPU
		{87332E11-C89D-4626-8E0D-7A45C92ABB7A}.Release|Any CPU.ActiveCfg = Release|Any CPU
		{87332E11-C89D-4626-8E0D-7A45C92ABB7A}.Release|Any CPU.Build.0 = Release|Any CPU
	EndGlobalSection
	GlobalSection(SolutionProperties) = preSolution
		HideSolutionNode = FALSE
	EndGlobalSection
	GlobalSection(ExtensibilityGlobals) = postSolution
		SolutionGuid = {D89E6A79-D8EE-4DEF-B38E-B527F6A9D348}
	EndGlobalSection
EndGlobal
